{
  "version": 4,
  "terraform_version": "1.7.5",
  "serial": 11,
  "lineage": "ac7489a3-e34b-1f66-393c-71faab3738c3",
  "outputs": {},
  "resources": [
    {
      "mode": "managed",
      "type": "azurerm_linux_virtual_machine",
      "name": "vm",
      "provider": "provider[\"registry.terraform.io/hashicorp/azurerm\"]",
      "instances": [
        {
          "schema_version": 0,
          "attributes": {
            "additional_capabilities": [],
            "admin_password": null,
            "admin_ssh_key": [
              {
                "public_key": "ssh-rsa AAAAB3NzaC1yc2EAAAADAQABAAACAQC5ax2KO8zFpJpkHGEbBmDZ0NnpuNn3tTiibDS0PELPVZ8XJSzf145OHsDkkL48H4AuczYxUGRABhlzfT5US6Ui7zsRL3l/QH671kgqlG0XBMcltmq3C2omYzhPu74nMdEpy2hTYT9ZRJGyaKSsX35e3hza4j7i6Hpj9zYS4p6uO6TlNC4QlHaBJIqJ4zAPNxyA8v19+NxwXOTt9tJkzHdeDmpQUrOkJIiLYbQGzkmIMEAdMKKZ0pqhrSd/hqiO/ZNvFQCukhRm37TuI0HMnHEFiapTqPYYR3U21u0vmgHZNNjOGAepqHa7NrYHD11fk0FJAFh7e23Cx3ZAKRW3zdXH6mklKQxZ4SMWVJbHZK9IvGdUycf03tcnGWy0reYCJzliCRkrhA8c5eocB1T1IZpbFk1Wq9L7ucpObHiD03Yk9RRy9zspwsZOmbDPjsvbV8BSJvTW7hV9olbG2Nt/8wukyfw8wSVZq3yoHvPcnEuvlTb+bHl7oCf/zC233igLqX1W3RKCastY1VTNCwSUV/9s+19ykB2hheVcXk2vh99qwuZvu83lZCjvjZDEUhgmUf2rSIv+7YKod43MuCIQk9k06cdGn1tgEHkwZaszgfH7eiMHDryhKQVVSMr7JGjy5In5RM2FB9wUVaNlhBlsrLORrNYbqL7irNOkyTHlQ9PEKQ== josu.bartolome609@comunidadunir.net\n",
                "username": "josuazure"
              }
            ],
            "admin_username": "josuazure",
            "allow_extension_operations": true,
            "availability_set_id": "",
            "boot_diagnostics": [],
            "bypass_platform_safety_checks_on_user_schedule_enabled": false,
            "capacity_reservation_group_id": "",
            "computer_name": "vm-cp-2",
            "custom_data": null,
            "dedicated_host_group_id": "",
            "dedicated_host_id": "",
            "disable_password_authentication": true,
            "disk_controller_type": "",
            "edge_zone": "",
            "encryption_at_host_enabled": false,
            "eviction_policy": "",
            "extensions_time_budget": "PT1H30M",
            "gallery_application": [],
            "id": "/subscriptions/a860ae23-6d75-4684-9495-8d4896d92f6d/resourceGroups/rg-caso-practico2-jbr/providers/Microsoft.Compute/virtualMachines/vm-cp-2",
            "identity": [],
            "license_type": "",
            "location": "westeurope",
            "max_bid_price": -1,
            "name": "vm-cp-2",
            "network_interface_ids": [
              "/subscriptions/a860ae23-6d75-4684-9495-8d4896d92f6d/resourceGroups/rg-caso-practico2-jbr/providers/Microsoft.Network/networkInterfaces/nic-cp-2"
            ],
            "os_disk": [
              {
                "caching": "ReadWrite",
                "diff_disk_settings": [],
                "disk_encryption_set_id": "",
                "disk_size_gb": 30,
                "name": "vm-cp-2_disk1_0676417491ec44cbaf4ff0e1cd94c623",
                "secure_vm_disk_encryption_set_id": "",
                "security_encryption_type": "",
                "storage_account_type": "Standard_LRS",
                "write_accelerator_enabled": false
              }
            ],
            "os_image_notification": [],
            "patch_assessment_mode": "ImageDefault",
            "patch_mode": "ImageDefault",
            "plan": [],
            "platform_fault_domain": -1,
            "priority": "Regular",
            "private_ip_address": "10.0.1.4",
            "private_ip_addresses": [
              "10.0.1.4"
            ],
            "provision_vm_agent": true,
            "proximity_placement_group_id": "",
            "public_ip_address": "52.148.193.104",
            "public_ip_addresses": [
              "52.148.193.104"
            ],
            "reboot_setting": "",
            "resource_group_name": "rg-caso-practico2-jbr",
            "secret": [],
            "secure_boot_enabled": false,
            "size": "Standard_B2s",
            "source_image_id": "",
            "source_image_reference": [
              {
                "offer": "UbuntuServer",
                "publisher": "Canonical",
                "sku": "18.04-LTS",
                "version": "latest"
              }
            ],
            "tags": null,
            "termination_notification": null,
            "timeouts": null,
            "user_data": "",
            "virtual_machine_id": "a70d97ac-11b8-442a-8d01-e42b885d5ffd",
            "virtual_machine_scale_set_id": "",
            "vm_agent_platform_updates_enabled": false,
            "vtpm_enabled": false,
            "zone": ""
          },
          "sensitive_attributes": [],
          "private": "eyJlMmJmYjczMC1lY2FhLTExZTYtOGY4OC0zNDM2M2JjN2M0YzAiOnsiY3JlYXRlIjoyNzAwMDAwMDAwMDAwLCJkZWxldGUiOjI3MDAwMDAwMDAwMDAsInJlYWQiOjMwMDAwMDAwMDAwMCwidXBkYXRlIjoyNzAwMDAwMDAwMDAwfX0=",
          "dependencies": [
            "azurerm_network_interface.nic",
            "azurerm_public_ip.vm_public_ip",
            "azurerm_resource_group.caso_practico_2",
            "azurerm_subnet.subnet",
            "azurerm_virtual_network.vnet"
          ]
        }
      ]
    },
    {
      "mode": "managed",
      "type": "azurerm_network_interface",
      "name": "nic",
      "provider": "provider[\"registry.terraform.io/hashicorp/azurerm\"]",
      "instances": [
        {
          "schema_version": 0,
          "attributes": {
            "accelerated_networking_enabled": false,
            "applied_dns_servers": [],
            "auxiliary_mode": "",
            "auxiliary_sku": "",
            "dns_servers": [],
            "edge_zone": "",
            "enable_accelerated_networking": false,
            "enable_ip_forwarding": false,
            "id": "/subscriptions/a860ae23-6d75-4684-9495-8d4896d92f6d/resourceGroups/rg-caso-practico2-jbr/providers/Microsoft.Network/networkInterfaces/nic-cp-2",
            "internal_dns_name_label": "",
            "internal_domain_name_suffix": "4nkl0oiqvyjuhn1dqxjqtzduab.ax.internal.cloudapp.net",
            "ip_configuration": [
              {
                "gateway_load_balancer_frontend_ip_configuration_id": "",
                "name": "internal",
                "primary": true,
                "private_ip_address": "10.0.1.4",
                "private_ip_address_allocation": "Dynamic",
                "private_ip_address_version": "IPv4",
                "public_ip_address_id": "/subscriptions/a860ae23-6d75-4684-9495-8d4896d92f6d/resourceGroups/rg-caso-practico2-jbr/providers/Microsoft.Network/publicIPAddresses/vm-public-ip-cp2",
                "subnet_id": "/subscriptions/a860ae23-6d75-4684-9495-8d4896d92f6d/resourceGroups/rg-caso-practico2-jbr/providers/Microsoft.Network/virtualNetworks/vnet-cp-2/subnets/subnet-cp-2"
              }
            ],
            "ip_forwarding_enabled": false,
            "location": "westeurope",
            "mac_address": "",
            "name": "nic-cp-2",
            "private_ip_address": "10.0.1.4",
            "private_ip_addresses": [
              "10.0.1.4"
            ],
            "resource_group_name": "rg-caso-practico2-jbr",
            "tags": {},
            "timeouts": null,
            "virtual_machine_id": ""
          },
          "sensitive_attributes": [],
          "private": "eyJlMmJmYjczMC1lY2FhLTExZTYtOGY4OC0zNDM2M2JjN2M0YzAiOnsiY3JlYXRlIjoxODAwMDAwMDAwMDAwLCJkZWxldGUiOjE4MDAwMDAwMDAwMDAsInJlYWQiOjMwMDAwMDAwMDAwMCwidXBkYXRlIjoxODAwMDAwMDAwMDAwfX0=",
          "dependencies": [
            "azurerm_public_ip.vm_public_ip",
            "azurerm_resource_group.caso_practico_2",
            "azurerm_subnet.subnet",
            "azurerm_virtual_network.vnet"
          ]
        }
      ]
    },
    {
      "mode": "managed",
      "type": "azurerm_public_ip",
      "name": "vm_public_ip",
      "provider": "provider[\"registry.terraform.io/hashicorp/azurerm\"]",
      "instances": [
        {
          "schema_version": 0,
          "attributes": {
            "allocation_method": "Static",
            "ddos_protection_mode": "VirtualNetworkInherited",
            "ddos_protection_plan_id": null,
            "domain_name_label": null,
            "edge_zone": "",
            "fqdn": null,
            "id": "/subscriptions/a860ae23-6d75-4684-9495-8d4896d92f6d/resourceGroups/rg-caso-practico2-jbr/providers/Microsoft.Network/publicIPAddresses/vm-public-ip-cp2",
            "idle_timeout_in_minutes": 4,
            "ip_address": "52.148.193.104",
            "ip_tags": {},
            "ip_version": "IPv4",
            "location": "westeurope",
            "name": "vm-public-ip-cp2",
            "public_ip_prefix_id": null,
            "resource_group_name": "rg-caso-practico2-jbr",
            "reverse_fqdn": null,
            "sku": "Basic",
            "sku_tier": "Regional",
            "tags": {},
            "timeouts": null,
            "zones": []
          },
          "sensitive_attributes": [],
          "private": "eyJlMmJmYjczMC1lY2FhLTExZTYtOGY4OC0zNDM2M2JjN2M0YzAiOnsiY3JlYXRlIjoxODAwMDAwMDAwMDAwLCJkZWxldGUiOjE4MDAwMDAwMDAwMDAsInJlYWQiOjMwMDAwMDAwMDAwMCwidXBkYXRlIjoxODAwMDAwMDAwMDAwfX0=",
          "dependencies": [
            "azurerm_resource_group.caso_practico_2"
          ]
        }
      ]
    },
    {
      "mode": "managed",
      "type": "azurerm_resource_group",
      "name": "caso_practico_2",
      "provider": "provider[\"registry.terraform.io/hashicorp/azurerm\"]",
      "instances": [
        {
          "schema_version": 0,
          "attributes": {
            "id": "/subscriptions/a860ae23-6d75-4684-9495-8d4896d92f6d/resourceGroups/rg-caso-practico2-jbr",
            "location": "westeurope",
            "managed_by": "",
            "name": "rg-caso-practico2-jbr",
            "tags": {},
            "timeouts": null
          },
          "sensitive_attributes": [],
          "private": "eyJlMmJmYjczMC1lY2FhLTExZTYtOGY4OC0zNDM2M2JjN2M0YzAiOnsiY3JlYXRlIjo1NDAwMDAwMDAwMDAwLCJkZWxldGUiOjU0MDAwMDAwMDAwMDAsInJlYWQiOjMwMDAwMDAwMDAwMCwidXBkYXRlIjo1NDAwMDAwMDAwMDAwfX0="
        }
      ]
    },
    {
      "mode": "managed",
      "type": "azurerm_subnet",
      "name": "subnet",
      "provider": "provider[\"registry.terraform.io/hashicorp/azurerm\"]",
      "instances": [
        {
          "schema_version": 0,
          "attributes": {
            "address_prefixes": [
              "10.0.1.0/24"
            ],
            "default_outbound_access_enabled": true,
            "delegation": [],
            "enforce_private_link_endpoint_network_policies": false,
            "enforce_private_link_service_network_policies": false,
            "id": "/subscriptions/a860ae23-6d75-4684-9495-8d4896d92f6d/resourceGroups/rg-caso-practico2-jbr/providers/Microsoft.Network/virtualNetworks/vnet-cp-2/subnets/subnet-cp-2",
            "name": "subnet-cp-2",
            "private_endpoint_network_policies": "Enabled",
            "private_endpoint_network_policies_enabled": true,
            "private_link_service_network_policies_enabled": true,
            "resource_group_name": "rg-caso-practico2-jbr",
            "service_endpoint_policy_ids": [],
            "service_endpoints": [],
            "timeouts": null,
            "virtual_network_name": "vnet-cp-2"
          },
          "sensitive_attributes": [],
          "private": "eyJlMmJmYjczMC1lY2FhLTExZTYtOGY4OC0zNDM2M2JjN2M0YzAiOnsiY3JlYXRlIjoxODAwMDAwMDAwMDAwLCJkZWxldGUiOjE4MDAwMDAwMDAwMDAsInJlYWQiOjMwMDAwMDAwMDAwMCwidXBkYXRlIjoxODAwMDAwMDAwMDAwfX0=",
          "dependencies": [
            "azurerm_resource_group.caso_practico_2",
            "azurerm_virtual_network.vnet"
          ]
        }
      ]
    },
    {
      "mode": "managed",
      "type": "azurerm_virtual_network",
      "name": "vnet",
      "provider": "provider[\"registry.terraform.io/hashicorp/azurerm\"]",
      "instances": [
        {
          "schema_version": 0,
          "attributes": {
            "address_space": [
              "10.0.0.0/16"
            ],
            "bgp_community": "",
            "ddos_protection_plan": [],
            "dns_servers": [],
            "edge_zone": "",
            "encryption": [],
            "flow_timeout_in_minutes": 0,
            "guid": "39bd54f3-ae10-4313-b763-85d309e47401",
            "id": "/subscriptions/a860ae23-6d75-4684-9495-8d4896d92f6d/resourceGroups/rg-caso-practico2-jbr/providers/Microsoft.Network/virtualNetworks/vnet-cp-2",
            "location": "westeurope",
            "name": "vnet-cp-2",
            "resource_group_name": "rg-caso-practico2-jbr",
            "subnet": [
              {
                "address_prefix": "10.0.1.0/24",
                "id": "/subscriptions/a860ae23-6d75-4684-9495-8d4896d92f6d/resourceGroups/rg-caso-practico2-jbr/providers/Microsoft.Network/virtualNetworks/vnet-cp-2/subnets/subnet-cp-2",
                "name": "subnet-cp-2",
                "security_group": ""
              }
            ],
            "tags": {},
            "timeouts": null
          },
          "sensitive_attributes": [],
          "private": "eyJlMmJmYjczMC1lY2FhLTExZTYtOGY4OC0zNDM2M2JjN2M0YzAiOnsiY3JlYXRlIjoxODAwMDAwMDAwMDAwLCJkZWxldGUiOjE4MDAwMDAwMDAwMDAsInJlYWQiOjMwMDAwMDAwMDAwMCwidXBkYXRlIjoxODAwMDAwMDAwMDAwfX0=",
          "dependencies": [
            "azurerm_resource_group.caso_practico_2"
          ]
        }
      ]
    }
  ],
  "check_results": null
}
